#
# This file is autogenerated by pip-compile with Python 3.12
# by the following command:
#
#    pip-compile --no-annotate --output-file=requirements.lock --strip-extras requirements.txt
#

alembic==1.19.1
annotated-doc==0.0.5
annotated-types==0.8.0
anyio==4.14.2
asyncmy==0.2.13
bcrypt==5.0.0
bleach==6.4.0
cffi==2.1.1
click==8.4.2
colorama==0.4.6
cryptography==50.0.0
fastapi==0.141.1
greenlet==3.5.5
h11==0.16.0
httptools==0.8.0
idna==3.18
mako==1.4.1
markupsafe==3.0.3
pycparser==3.0
pydantic==2.13.4
pydantic-core==2.46.4
pydantic-settings==2.15.0
pyjwt==2.13.0
pymysql==1.2.0
python-dotenv==1.2.2
python-multipart==0.0.32
pyyaml==6.0.3
redis==8.1.0
sqlalchemy==2.0.51
starlette==1.6.0
typing-extensions==4.16.0
typing-inspection==0.4.3
uvicorn==0.52.1
watchfiles==1.2.0
webencodings==0.5.1
websockets==17.0.1
